
Microsoft Visual Studio Solution File, Format Version 12.00
# Visual Studio 15
VisualStudioVersion = 15.0.26430.13
MinimumVisualStudioVersion = 10.0.40219.1
Project("{FAE04EC0-301F-11D3-BF4B-00C04F79EFBC}") = "ConsoleApp2", "DEV-1\ConsoleApp2.csproj", "{7D19181A-9BAF-4738-898D-8DF34D586A1B}"
EndProject
Project("{FAE04EC0-301F-11D3-BF4B-00C04F79EFBC}") = "Numsequence", "DEV-4\Numsequence.csproj", "{22D312DC-3504-449B-92B8-155C00944DA7}"
EndProject
Project("{FAE04EC0-301F-11D3-BF4B-00C04F79EFBC}") = "RandomChangeGroupOfSymbols", "RandomChangeGroupOfSymbols\RandomChangeGroupOfSymbols.csproj", "{8270C5B0-5582-4AEF-8A17-79C8DB2C381F}"
EndProject
Global
	GlobalSection(SolutionConfigurationPlatforms) = preSolution
		Debug|Any CPU = Debug|Any CPU
		Release|Any CPU = Release|Any CPU
	EndGlobalSection
	GlobalSection(ProjectConfigurationPlatforms) = postSolution
		{7D19181A-9BAF-4738-898D-8DF34D586A1B}.Debug|Any CPU.ActiveCfg = Debug|Any CPU
		{7D19181A-9BAF-4738-898D-8DF34D586A1B}.Debug|Any CPU.Build.0 = Debug|Any CPU
		{7D19181A-9BAF-4738-898D-8DF34D586A1B}.Release|Any CPU.ActiveCfg = Release|Any CPU
		{7D19181A-9BAF-4738-898D-8DF34D586A1B}.Release|Any CPU.Build.0 = Release|Any CPU
		{22D312DC-3504-449B-92B8-155C00944DA7}.Debug|Any CPU.ActiveCfg = Debug|Any CPU
		{22D312DC-3504-449B-92B8-155C00944DA7}.Debug|Any CPU.Build.0 = Debug|Any CPU
		{22D312DC-3504-449B-92B8-155C00944DA7}.Release|Any CPU.ActiveCfg = Release|Any CPU
		{22D312DC-3504-449B-92B8-155C00944DA7}.Release|Any CPU.Build.0 = Release|Any CPU
		{8270C5B0-5582-4AEF-8A17-79C8DB2C381F}.Debug|Any CPU.ActiveCfg = Debug|Any CPU
		{8270C5B0-5582-4AEF-8A17-79C8DB2C381F}.Debug|Any CPU.Build.0 = Debug|Any CPU
		{8270C5B0-5582-4AEF-8A17-79C8DB2C381F}.Release|Any CPU.ActiveCfg = Release|Any CPU
		{8270C5B0-5582-4AEF-8A17-79C8DB2C381F}.Release|Any CPU.Build.0 = Release|Any CPU
	EndGlobalSection
	GlobalSection(SolutionProperties) = preSolution
		HideSolutionNode = FALSE
	EndGlobalSection
EndGlobal
