
Microsoft Visual Studio Solution File, Format Version 12.00
# Visual Studio 15
VisualStudioVersion = 15.0.26430.13
MinimumVisualStudioVersion = 10.0.40219.1
Project("{FAE04EC0-301F-11D3-BF4B-00C04F79EFBC}") = "QualificationOfEmployees", "QualificationOfEmployees\QualificationOfEmployees.csproj", "{666ABB05-47C5-4BA6-B8CB-992298EDAF33}"
EndProject
Project("{FAE04EC0-301F-11D3-BF4B-00C04F79EFBC}") = "UnitTestProject1", "UnitTestProject1\UnitTestProject1.csproj", "{10DC090C-3A0B-47C3-83CF-BEF0D5A5496F}"
EndProject
Global
	GlobalSection(SolutionConfigurationPlatforms) = preSolution
		Debug|Any CPU = Debug|Any CPU
		Release|Any CPU = Release|Any CPU
	EndGlobalSection
	GlobalSection(ProjectConfigurationPlatforms) = postSolution
		{666ABB05-47C5-4BA6-B8CB-992298EDAF33}.Debug|Any CPU.ActiveCfg = Debug|Any CPU
		{666ABB05-47C5-4BA6-B8CB-992298EDAF33}.Debug|Any CPU.Build.0 = Debug|Any CPU
		{666ABB05-47C5-4BA6-B8CB-992298EDAF33}.Release|Any CPU.ActiveCfg = Release|Any CPU
		{666ABB05-47C5-4BA6-B8CB-992298EDAF33}.Release|Any CPU.Build.0 = Release|Any CPU
		{10DC090C-3A0B-47C3-83CF-BEF0D5A5496F}.Debug|Any CPU.ActiveCfg = Debug|Any CPU
		{10DC090C-3A0B-47C3-83CF-BEF0D5A5496F}.Debug|Any CPU.Build.0 = Debug|Any CPU
		{10DC090C-3A0B-47C3-83CF-BEF0D5A5496F}.Release|Any CPU.ActiveCfg = Release|Any CPU
		{10DC090C-3A0B-47C3-83CF-BEF0D5A5496F}.Release|Any CPU.Build.0 = Release|Any CPU
	EndGlobalSection
	GlobalSection(SolutionProperties) = preSolution
		HideSolutionNode = FALSE
	EndGlobalSection
EndGlobal
